
Microsoft Visual Studio Solution File, Format Version 12.00
# Visual Studio Version 16
VisualStudioVersion = 16.0.31624.102
MinimumVisualStudioVersion = 10.0.40219.1
Project("{FAE04EC0-301F-11D3-BF4B-00C04F79EFBC}") = "Laboratorio3", "Laboratorio3\Laboratorio3.csproj", "{EF272556-2502-4F5C-8CE6-47C41706C89A}"
EndProject
Global
	GlobalSection(SolutionConfigurationPlatforms) = preSolution
		Debug|Any CPU = Debug|Any CPU
		Release|Any CPU = Release|Any CPU
	EndGlobalSection
	GlobalSection(ProjectConfigurationPlatforms) = postSolution
		{EF272556-2502-4F5C-8CE6-47C41706C89A}.Debug|Any CPU.ActiveCfg = Debug|Any CPU
		{EF272556-2502-4F5C-8CE6-47C41706C89A}.Debug|Any CPU.Build.0 = Debug|Any CPU
		{EF272556-2502-4F5C-8CE6-47C41706C89A}.Release|Any CPU.ActiveCfg = Release|Any CPU
		{EF272556-2502-4F5C-8CE6-47C41706C89A}.Release|Any CPU.Build.0 = Release|Any CPU
	EndGlobalSection
	GlobalSection(SolutionProperties) = preSolution
		HideSolutionNode = FALSE
	EndGlobalSection
	GlobalSection(ExtensibilityGlobals) = postSolution
		SolutionGuid = {E81B8632-ECEA-4B25-8E23-491D45597CE7}
	EndGlobalSection
EndGlobal
